
Microsoft Visual Studio Solution File, Format Version 12.00
# Visual Studio Version 17
VisualStudioVersion = 17.5.002.0
MinimumVisualStudioVersion = 10.0.40219.1
Project("{9A19103F-16F7-4668-BE54-9A1E7A4F7556}") = "TicketAPI", "TicketAPI.csproj", "{62F1519C-CD54-4DAC-86EE-E0F719F5C89A}"
EndProject
Global
	GlobalSection(SolutionConfigurationPlatforms) = preSolution
		Debug|Any CPU = Debug|Any CPU
		Release|Any CPU = Release|Any CPU
	EndGlobalSection
	GlobalSection(ProjectConfigurationPlatforms) = postSolution
		{62F1519C-CD54-4DAC-86EE-E0F719F5C89A}.Debug|Any CPU.ActiveCfg = Debug|Any CPU
		{62F1519C-CD54-4DAC-86EE-E0F719F5C89A}.Debug|Any CPU.Build.0 = Debug|Any CPU
		{62F1519C-CD54-4DAC-86EE-E0F719F5C89A}.Release|Any CPU.ActiveCfg = Release|Any CPU
		{62F1519C-CD54-4DAC-86EE-E0F719F5C89A}.Release|Any CPU.Build.0 = Release|Any CPU
	EndGlobalSection
	GlobalSection(SolutionProperties) = preSolution
		HideSolutionNode = FALSE
	EndGlobalSection
	GlobalSection(ExtensibilityGlobals) = postSolution
		SolutionGuid = {067051C1-7BCA-4DD1-9E0B-7E75FE162894}
	EndGlobalSection
EndGlobal
